// !$*UTF8*$!
{
	archiveVersion = 1;
	classes = {
	};
	objectVersion = 56;
	objects = {

/* Begin PBXBuildFile section */
		C40F2BF529D1BFC0004CF07D /* Location.swift in Sources */ = {isa = PBXBuildFile; fileRef = C40F2BF429D1BFC0004CF07D /* Location.swift */; };
		C40F2BF729D1C303004CF07D /* TokenResponce.swift in Sources */ = {isa = PBXBuildFile; fileRef = C40F2BF629D1C303004CF07D /* TokenResponce.swift */; };
		C40F2BFA29D1C51B004CF07D /* ApiClient.swift in Sources */ = {isa = PBXBuildFile; fileRef = C40F2BF929D1C51B004CF07D /* ApiClient.swift */; };
		C40F2BFC29D1C58C004CF07D /* NetworkConstants.swift in Sources */ = {isa = PBXBuildFile; fileRef = C40F2BFB29D1C58C004CF07D /* NetworkConstants.swift */; };
		C40F2BFE29D1CC2E004CF07D /* AuthApiClient.swift in Sources */ = {isa = PBXBuildFile; fileRef = C40F2BFD29D1CC2E004CF07D /* AuthApiClient.swift */; };
		C40F2C0029D1D3A9004CF07D /* ApiError.swift in Sources */ = {isa = PBXBuildFile; fileRef = C40F2BFF29D1D3A9004CF07D /* ApiError.swift */; };
		C42DD94D29ED85E90045D509 /* ImageService.swift in Sources */ = {isa = PBXBuildFile; fileRef = C42DD94C29ED85E90045D509 /* ImageService.swift */; };
		C42DD98229F267C60045D509 /* SplashViewImp.xib in Resources */ = {isa = PBXBuildFile; fileRef = C42DD98129F267C60045D509 /* SplashViewImp.xib */; };
		C42DD98429F267E10045D509 /* SplashView.swift in Sources */ = {isa = PBXBuildFile; fileRef = C42DD98329F267E00045D509 /* SplashView.swift */; };
		C42DD98629F2BA3C0045D509 /* CharacterView.swift in Sources */ = {isa = PBXBuildFile; fileRef = C42DD98529F2BA3C0045D509 /* CharacterView.swift */; };
		C42DD98A29F2BC620045D509 /* CharacterCell.swift in Sources */ = {isa = PBXBuildFile; fileRef = C42DD98829F2BC620045D509 /* CharacterCell.swift */; };
		C42DD98B29F2BC620045D509 /* CharacterCell.xib in Resources */ = {isa = PBXBuildFile; fileRef = C42DD98929F2BC620045D509 /* CharacterCell.xib */; };
		C42DD98D29F2BDF90045D509 /* CharacterCellData.swift in Sources */ = {isa = PBXBuildFile; fileRef = C42DD98C29F2BDF90045D509 /* CharacterCellData.swift */; };
		C445E77429D5B1CB00B55141 /* RegistrationApiClient.swift in Sources */ = {isa = PBXBuildFile; fileRef = C445E77329D5B1CB00B55141 /* RegistrationApiClient.swift */; };
		C445E77629D5BCAF00B55141 /* LocationApiClient.swift in Sources */ = {isa = PBXBuildFile; fileRef = C445E77529D5BCAF00B55141 /* LocationApiClient.swift */; };
		C445E77829D5C5C600B55141 /* Character.swift in Sources */ = {isa = PBXBuildFile; fileRef = C445E77729D5C5C600B55141 /* Character.swift */; };
		C44C366629E809F300E2299B /* BaseViewController.swift in Sources */ = {isa = PBXBuildFile; fileRef = C44C366029E809F300E2299B /* BaseViewController.swift */; };
		C44C366729E809F300E2299B /* BaseViewController.xib in Resources */ = {isa = PBXBuildFile; fileRef = C44C366129E809F300E2299B /* BaseViewController.xib */; };
		C44C366829E809F300E2299B /* RootTab.swift in Sources */ = {isa = PBXBuildFile; fileRef = C44C366229E809F300E2299B /* RootTab.swift */; };
		C44C366929E809F300E2299B /* BaseNavigationController.swift in Sources */ = {isa = PBXBuildFile; fileRef = C44C366329E809F300E2299B /* BaseNavigationController.swift */; };
		C44C366A29E809F300E2299B /* BaseCoordinator.swift in Sources */ = {isa = PBXBuildFile; fileRef = C44C366429E809F300E2299B /* BaseCoordinator.swift */; };
		C44C366B29E809F300E2299B /* TabBarController.swift in Sources */ = {isa = PBXBuildFile; fileRef = C44C366529E809F300E2299B /* TabBarController.swift */; };
		C44C366D29E80A1400E2299B /* CustomButton.swift in Sources */ = {isa = PBXBuildFile; fileRef = C44C366C29E80A1400E2299B /* CustomButton.swift */; };
		C44C367229E80A3E00E2299B /* CabinetAssembly.swift in Sources */ = {isa = PBXBuildFile; fileRef = C44C366F29E80A3E00E2299B /* CabinetAssembly.swift */; };
		C44C367329E80A3E00E2299B /* CabinetCoordinator.swift in Sources */ = {isa = PBXBuildFile; fileRef = C44C367029E80A3E00E2299B /* CabinetCoordinator.swift */; };
		C44C367429E80A3E00E2299B /* CabinetViewController.swift in Sources */ = {isa = PBXBuildFile; fileRef = C44C367129E80A3E00E2299B /* CabinetViewController.swift */; };
		C44C367D29E81BBC00E2299B /* AuthViewImp.xib in Resources */ = {isa = PBXBuildFile; fileRef = C44C367C29E81BBC00E2299B /* AuthViewImp.xib */; };
		C44C368029E81BD200E2299B /* RegistrationViewImp.xib in Resources */ = {isa = PBXBuildFile; fileRef = C44C367F29E81BD200E2299B /* RegistrationViewImp.xib */; };
		C44C368A29E980D200E2299B /* LocationView.swift in Sources */ = {isa = PBXBuildFile; fileRef = C44C368929E980D200E2299B /* LocationView.swift */; };
		C44C368E29E98ADC00E2299B /* LocationCell.swift in Sources */ = {isa = PBXBuildFile; fileRef = C44C368C29E98ADC00E2299B /* LocationCell.swift */; };
		C44C368F29E98ADC00E2299B /* LocationCell.xib in Resources */ = {isa = PBXBuildFile; fileRef = C44C368D29E98ADC00E2299B /* LocationCell.xib */; };
		C44C369129E98B2300E2299B /* LocationCellData.swift in Sources */ = {isa = PBXBuildFile; fileRef = C44C369029E98B2300E2299B /* LocationCellData.swift */; };
		C44C369429E98E8100E2299B /* NSObject+ClassName.swift in Sources */ = {isa = PBXBuildFile; fileRef = C44C369329E98E8100E2299B /* NSObject+ClassName.swift */; };
		C46D609F29BF4B9C009247EE /* AppDelegate.swift in Sources */ = {isa = PBXBuildFile; fileRef = C46D609E29BF4B9C009247EE /* AppDelegate.swift */; };
		C46D60A129BF4B9C009247EE /* SceneDelegate.swift in Sources */ = {isa = PBXBuildFile; fileRef = C46D60A029BF4B9C009247EE /* SceneDelegate.swift */; };
		C46D60A329BF4B9C009247EE /* ViewController.swift in Sources */ = {isa = PBXBuildFile; fileRef = C46D60A229BF4B9C009247EE /* ViewController.swift */; };
		C46D60A829BF4B9F009247EE /* Assets.xcassets in Resources */ = {isa = PBXBuildFile; fileRef = C46D60A729BF4B9F009247EE /* Assets.xcassets */; };
		C46D60B329BF58B0009247EE /* ColorGenerator.swift in Sources */ = {isa = PBXBuildFile; fileRef = C46D60B229BF58B0009247EE /* ColorGenerator.swift */; };
		C475DA3A29C8918E00F8F263 /* AppCoordinator.swift in Sources */ = {isa = PBXBuildFile; fileRef = C475DA3929C8918E00F8F263 /* AppCoordinator.swift */; };
		C475DA3D29C897B800F8F263 /* AuthDataProvider.swift in Sources */ = {isa = PBXBuildFile; fileRef = C475DA3C29C897B800F8F263 /* AuthDataProvider.swift */; };
		C475DA3F29C8984000F8F263 /* AuthViewController.swift in Sources */ = {isa = PBXBuildFile; fileRef = C475DA3E29C8984000F8F263 /* AuthViewController.swift */; };
		C475DA4129C8992A00F8F263 /* AuthAssembly.swift in Sources */ = {isa = PBXBuildFile; fileRef = C475DA4029C8992A00F8F263 /* AuthAssembly.swift */; };
		C475DA4329C89A3C00F8F263 /* AuthCoordinator.swift in Sources */ = {isa = PBXBuildFile; fileRef = C475DA4229C89A3C00F8F263 /* AuthCoordinator.swift */; };
		C475DA4529C89C5400F8F263 /* AuthView.swift in Sources */ = {isa = PBXBuildFile; fileRef = C475DA4429C89C5400F8F263 /* AuthView.swift */; };
		C475DA4729C89CCB00F8F263 /* AuthViewData.swift in Sources */ = {isa = PBXBuildFile; fileRef = C475DA4629C89CCB00F8F263 /* AuthViewData.swift */; };
		C475DA4A29C89E8100F8F263 /* SplashViewController.swift in Sources */ = {isa = PBXBuildFile; fileRef = C475DA4929C89E8100F8F263 /* SplashViewController.swift */; };
		C475DA4C29C89F1B00F8F263 /* SplashDataProvider.swift in Sources */ = {isa = PBXBuildFile; fileRef = C475DA4B29C89F1B00F8F263 /* SplashDataProvider.swift */; };
		C475DA4E29C89F5A00F8F263 /* SplashAssembly.swift in Sources */ = {isa = PBXBuildFile; fileRef = C475DA4D29C89F5A00F8F263 /* SplashAssembly.swift */; };
		C475DA5029C8A19F00F8F263 /* SplashCoordinator.swift in Sources */ = {isa = PBXBuildFile; fileRef = C475DA4F29C8A19F00F8F263 /* SplashCoordinator.swift */; };
		C475DA5429CB48F600F8F263 /* RegistrationViewController.swift in Sources */ = {isa = PBXBuildFile; fileRef = C475DA5329CB48F600F8F263 /* RegistrationViewController.swift */; };
		C475DA5629CB495800F8F263 /* RegistrationDataProvider.swift in Sources */ = {isa = PBXBuildFile; fileRef = C475DA5529CB495800F8F263 /* RegistrationDataProvider.swift */; };
		C475DA5829CB497400F8F263 /* RegistrationAssembly.swift in Sources */ = {isa = PBXBuildFile; fileRef = C475DA5729CB497400F8F263 /* RegistrationAssembly.swift */; };
		C475DA5A29CB499800F8F263 /* RegistrationCoordinator.swift in Sources */ = {isa = PBXBuildFile; fileRef = C475DA5929CB499800F8F263 /* RegistrationCoordinator.swift */; };
		C475DA5C29CB49B500F8F263 /* RegistrationView.swift in Sources */ = {isa = PBXBuildFile; fileRef = C475DA5B29CB49B500F8F263 /* RegistrationView.swift */; };
		C475DA5E29CB49C800F8F263 /* RegistrationViewData.swift in Sources */ = {isa = PBXBuildFile; fileRef = C475DA5D29CB49C800F8F263 /* RegistrationViewData.swift */; };
		C47873AC29C456EA00C5ABB7 /* TeestGame.swift in Sources */ = {isa = PBXBuildFile; fileRef = C47873AB29C456EA00C5ABB7 /* TeestGame.swift */; };
		C47873AE29C4A63400C5ABB7 /* Assembly.swift in Sources */ = {isa = PBXBuildFile; fileRef = C47873AD29C4A63400C5ABB7 /* Assembly.swift */; };
		C4A7883529DA918A002714FD /* LocationDataProvider.swift in Sources */ = {isa = PBXBuildFile; fileRef = C4A7883429DA918A002714FD /* LocationDataProvider.swift */; };
		C4A7883729DA919E002714FD /* LocationViewController.swift in Sources */ = {isa = PBXBuildFile; fileRef = C4A7883629DA919E002714FD /* LocationViewController.swift */; };
		C4A7883929DA91B0002714FD /* LocationAssembly.swift in Sources */ = {isa = PBXBuildFile; fileRef = C4A7883829DA91B0002714FD /* LocationAssembly.swift */; };
		C4A7883D29DA91E3002714FD /* LocationCoordinator.swift in Sources */ = {isa = PBXBuildFile; fileRef = C4A7883C29DA91E3002714FD /* LocationCoordinator.swift */; };
		C4A7884129DA9215002714FD /* LocationViewData.swift in Sources */ = {isa = PBXBuildFile; fileRef = C4A7884029DA9215002714FD /* LocationViewData.swift */; };
		C4A7884429DA9D3B002714FD /* CharacterDataProvider.swift in Sources */ = {isa = PBXBuildFile; fileRef = C4A7884329DA9D3B002714FD /* CharacterDataProvider.swift */; };
		C4A7884629DA9D50002714FD /* CharacterViewController.swift in Sources */ = {isa = PBXBuildFile; fileRef = C4A7884529DA9D50002714FD /* CharacterViewController.swift */; };
		C4A7884829DA9D61002714FD /* CharacterAssembly.swift in Sources */ = {isa = PBXBuildFile; fileRef = C4A7884729DA9D61002714FD /* CharacterAssembly.swift */; };
		C4A7884A29DA9D7C002714FD /* CharacterCoordinator.swift in Sources */ = {isa = PBXBuildFile; fileRef = C4A7884929DA9D7C002714FD /* CharacterCoordinator.swift */; };
		C4A7884C29DA9DAD002714FD /* CharacterViewData.swift in Sources */ = {isa = PBXBuildFile; fileRef = C4A7884B29DA9DAD002714FD /* CharacterViewData.swift */; };
		C4A7884E29DA9F52002714FD /* CharacterApiClient.swift in Sources */ = {isa = PBXBuildFile; fileRef = C4A7884D29DA9F52002714FD /* CharacterApiClient.swift */; };
/* End PBXBuildFile section */

/* Begin PBXFileReference section */
		C40F2BF429D1BFC0004CF07D /* Location.swift */ = {isa = PBXFileReference; lastKnownFileType = sourcecode.swift; path = Location.swift; sourceTree = "<group>"; };
		C40F2BF629D1C303004CF07D /* TokenResponce.swift */ = {isa = PBXFileReference; lastKnownFileType = sourcecode.swift; path = TokenResponce.swift; sourceTree = "<group>"; };
		C40F2BF929D1C51B004CF07D /* ApiClient.swift */ = {isa = PBXFileReference; lastKnownFileType = sourcecode.swift; path = ApiClient.swift; sourceTree = "<group>"; };
		C40F2BFB29D1C58C004CF07D /* NetworkConstants.swift */ = {isa = PBXFileReference; lastKnownFileType = sourcecode.swift; path = NetworkConstants.swift; sourceTree = "<group>"; };
		C40F2BFD29D1CC2E004CF07D /* AuthApiClient.swift */ = {isa = PBXFileReference; lastKnownFileType = sourcecode.swift; path = AuthApiClient.swift; sourceTree = "<group>"; };
		C40F2BFF29D1D3A9004CF07D /* ApiError.swift */ = {isa = PBXFileReference; lastKnownFileType = sourcecode.swift; path = ApiError.swift; sourceTree = "<group>"; };
		C42DD94C29ED85E90045D509 /* ImageService.swift */ = {isa = PBXFileReference; lastKnownFileType = sourcecode.swift; path = ImageService.swift; sourceTree = "<group>"; };
		C42DD98129F267C60045D509 /* SplashViewImp.xib */ = {isa = PBXFileReference; fileEncoding = 4; lastKnownFileType = file.xib; path = SplashViewImp.xib; sourceTree = "<group>"; };
		C42DD98329F267E00045D509 /* SplashView.swift */ = {isa = PBXFileReference; fileEncoding = 4; lastKnownFileType = sourcecode.swift; path = SplashView.swift; sourceTree = "<group>"; };
		C42DD98529F2BA3C0045D509 /* CharacterView.swift */ = {isa = PBXFileReference; lastKnownFileType = sourcecode.swift; path = CharacterView.swift; sourceTree = "<group>"; };
		C42DD98829F2BC620045D509 /* CharacterCell.swift */ = {isa = PBXFileReference; lastKnownFileType = sourcecode.swift; path = CharacterCell.swift; sourceTree = "<group>"; };
		C42DD98929F2BC620045D509 /* CharacterCell.xib */ = {isa = PBXFileReference; lastKnownFileType = file.xib; path = CharacterCell.xib; sourceTree = "<group>"; };
		C42DD98C29F2BDF90045D509 /* CharacterCellData.swift */ = {isa = PBXFileReference; lastKnownFileType = sourcecode.swift; path = CharacterCellData.swift; sourceTree = "<group>"; };
		C445E77329D5B1CB00B55141 /* RegistrationApiClient.swift */ = {isa = PBXFileReference; lastKnownFileType = sourcecode.swift; path = RegistrationApiClient.swift; sourceTree = "<group>"; };
		C445E77529D5BCAF00B55141 /* LocationApiClient.swift */ = {isa = PBXFileReference; lastKnownFileType = sourcecode.swift; path = LocationApiClient.swift; sourceTree = "<group>"; };
		C445E77729D5C5C600B55141 /* Character.swift */ = {isa = PBXFileReference; lastKnownFileType = sourcecode.swift; path = Character.swift; sourceTree = "<group>"; };
		C44C366029E809F300E2299B /* BaseViewController.swift */ = {isa = PBXFileReference; fileEncoding = 4; lastKnownFileType = sourcecode.swift; path = BaseViewController.swift; sourceTree = "<group>"; };
		C44C366129E809F300E2299B /* BaseViewController.xib */ = {isa = PBXFileReference; fileEncoding = 4; lastKnownFileType = file.xib; path = BaseViewController.xib; sourceTree = "<group>"; };
		C44C366229E809F300E2299B /* RootTab.swift */ = {isa = PBXFileReference; fileEncoding = 4; lastKnownFileType = sourcecode.swift; path = RootTab.swift; sourceTree = "<group>"; };
		C44C366329E809F300E2299B /* BaseNavigationController.swift */ = {isa = PBXFileReference; fileEncoding = 4; lastKnownFileType = sourcecode.swift; path = BaseNavigationController.swift; sourceTree = "<group>"; };
		C44C366429E809F300E2299B /* BaseCoordinator.swift */ = {isa = PBXFileReference; fileEncoding = 4; lastKnownFileType = sourcecode.swift; path = BaseCoordinator.swift; sourceTree = "<group>"; };
		C44C366529E809F300E2299B /* TabBarController.swift */ = {isa = PBXFileReference; fileEncoding = 4; lastKnownFileType = sourcecode.swift; path = TabBarController.swift; sourceTree = "<group>"; };
		C44C366C29E80A1400E2299B /* CustomButton.swift */ = {isa = PBXFileReference; fileEncoding = 4; lastKnownFileType = sourcecode.swift; name = CustomButton.swift; path = iosShcool/CustomButton.swift; sourceTree = SOURCE_ROOT; };
		C44C366F29E80A3E00E2299B /* CabinetAssembly.swift */ = {isa = PBXFileReference; fileEncoding = 4; lastKnownFileType = sourcecode.swift; path = CabinetAssembly.swift; sourceTree = "<group>"; };
		C44C367029E80A3E00E2299B /* CabinetCoordinator.swift */ = {isa = PBXFileReference; fileEncoding = 4; lastKnownFileType = sourcecode.swift; path = CabinetCoordinator.swift; sourceTree = "<group>"; };
		C44C367129E80A3E00E2299B /* CabinetViewController.swift */ = {isa = PBXFileReference; fileEncoding = 4; lastKnownFileType = sourcecode.swift; path = CabinetViewController.swift; sourceTree = "<group>"; };
		C44C367C29E81BBC00E2299B /* AuthViewImp.xib */ = {isa = PBXFileReference; fileEncoding = 4; lastKnownFileType = file.xib; path = AuthViewImp.xib; sourceTree = "<group>"; };
		C44C367F29E81BD200E2299B /* RegistrationViewImp.xib */ = {isa = PBXFileReference; fileEncoding = 4; lastKnownFileType = file.xib; path = RegistrationViewImp.xib; sourceTree = "<group>"; };
		C44C368929E980D200E2299B /* LocationView.swift */ = {isa = PBXFileReference; lastKnownFileType = sourcecode.swift; path = LocationView.swift; sourceTree = "<group>"; };
		C44C368C29E98ADC00E2299B /* LocationCell.swift */ = {isa = PBXFileReference; lastKnownFileType = sourcecode.swift; path = LocationCell.swift; sourceTree = "<group>"; };
		C44C368D29E98ADC00E2299B /* LocationCell.xib */ = {isa = PBXFileReference; lastKnownFileType = file.xib; path = LocationCell.xib; sourceTree = "<group>"; };
		C44C369029E98B2300E2299B /* LocationCellData.swift */ = {isa = PBXFileReference; lastKnownFileType = sourcecode.swift; path = LocationCellData.swift; sourceTree = "<group>"; };
		C44C369329E98E8100E2299B /* NSObject+ClassName.swift */ = {isa = PBXFileReference; lastKnownFileType = sourcecode.swift; path = "NSObject+ClassName.swift"; sourceTree = "<group>"; };
		C46D609B29BF4B9C009247EE /* iosSchool.app */ = {isa = PBXFileReference; explicitFileType = wrapper.application; includeInIndex = 0; path = iosSchool.app; sourceTree = BUILT_PRODUCTS_DIR; };
		C46D609E29BF4B9C009247EE /* AppDelegate.swift */ = {isa = PBXFileReference; lastKnownFileType = sourcecode.swift; path = AppDelegate.swift; sourceTree = "<group>"; };
		C46D60A029BF4B9C009247EE /* SceneDelegate.swift */ = {isa = PBXFileReference; lastKnownFileType = sourcecode.swift; path = SceneDelegate.swift; sourceTree = "<group>"; };
		C46D60A229BF4B9C009247EE /* ViewController.swift */ = {isa = PBXFileReference; lastKnownFileType = sourcecode.swift; path = ViewController.swift; sourceTree = "<group>"; };
		C46D60A729BF4B9F009247EE /* Assets.xcassets */ = {isa = PBXFileReference; lastKnownFileType = folder.assetcatalog; path = Assets.xcassets; sourceTree = "<group>"; };
		C46D60AC29BF4B9F009247EE /* Info.plist */ = {isa = PBXFileReference; lastKnownFileType = text.plist.xml; path = Info.plist; sourceTree = "<group>"; };
		C46D60B229BF58B0009247EE /* ColorGenerator.swift */ = {isa = PBXFileReference; lastKnownFileType = sourcecode.swift; path = ColorGenerator.swift; sourceTree = "<group>"; };
		C475DA3929C8918E00F8F263 /* AppCoordinator.swift */ = {isa = PBXFileReference; lastKnownFileType = sourcecode.swift; path = AppCoordinator.swift; sourceTree = "<group>"; };
		C475DA3C29C897B800F8F263 /* AuthDataProvider.swift */ = {isa = PBXFileReference; lastKnownFileType = sourcecode.swift; path = AuthDataProvider.swift; sourceTree = "<group>"; };
		C475DA3E29C8984000F8F263 /* AuthViewController.swift */ = {isa = PBXFileReference; lastKnownFileType = sourcecode.swift; path = AuthViewController.swift; sourceTree = "<group>"; };
		C475DA4029C8992A00F8F263 /* AuthAssembly.swift */ = {isa = PBXFileReference; lastKnownFileType = sourcecode.swift; path = AuthAssembly.swift; sourceTree = "<group>"; };
		C475DA4229C89A3C00F8F263 /* AuthCoordinator.swift */ = {isa = PBXFileReference; lastKnownFileType = sourcecode.swift; path = AuthCoordinator.swift; sourceTree = "<group>"; };
		C475DA4429C89C5400F8F263 /* AuthView.swift */ = {isa = PBXFileReference; lastKnownFileType = sourcecode.swift; path = AuthView.swift; sourceTree = "<group>"; };
		C475DA4629C89CCB00F8F263 /* AuthViewData.swift */ = {isa = PBXFileReference; lastKnownFileType = sourcecode.swift; path = AuthViewData.swift; sourceTree = "<group>"; };
		C475DA4929C89E8100F8F263 /* SplashViewController.swift */ = {isa = PBXFileReference; lastKnownFileType = sourcecode.swift; path = SplashViewController.swift; sourceTree = "<group>"; };
		C475DA4B29C89F1B00F8F263 /* SplashDataProvider.swift */ = {isa = PBXFileReference; lastKnownFileType = sourcecode.swift; path = SplashDataProvider.swift; sourceTree = "<group>"; };
		C475DA4D29C89F5A00F8F263 /* SplashAssembly.swift */ = {isa = PBXFileReference; lastKnownFileType = sourcecode.swift; path = SplashAssembly.swift; sourceTree = "<group>"; };
		C475DA4F29C8A19F00F8F263 /* SplashCoordinator.swift */ = {isa = PBXFileReference; lastKnownFileType = sourcecode.swift; path = SplashCoordinator.swift; sourceTree = "<group>"; };
		C475DA5329CB48F600F8F263 /* RegistrationViewController.swift */ = {isa = PBXFileReference; lastKnownFileType = sourcecode.swift; path = RegistrationViewController.swift; sourceTree = "<group>"; };
		C475DA5529CB495800F8F263 /* RegistrationDataProvider.swift */ = {isa = PBXFileReference; lastKnownFileType = sourcecode.swift; path = RegistrationDataProvider.swift; sourceTree = "<group>"; };
		C475DA5729CB497400F8F263 /* RegistrationAssembly.swift */ = {isa = PBXFileReference; lastKnownFileType = sourcecode.swift; path = RegistrationAssembly.swift; sourceTree = "<group>"; };
		C475DA5929CB499800F8F263 /* RegistrationCoordinator.swift */ = {isa = PBXFileReference; lastKnownFileType = sourcecode.swift; path = RegistrationCoordinator.swift; sourceTree = "<group>"; };
		C475DA5B29CB49B500F8F263 /* RegistrationView.swift */ = {isa = PBXFileReference; lastKnownFileType = sourcecode.swift; path = RegistrationView.swift; sourceTree = "<group>"; };
		C475DA5D29CB49C800F8F263 /* RegistrationViewData.swift */ = {isa = PBXFileReference; lastKnownFileType = sourcecode.swift; path = RegistrationViewData.swift; sourceTree = "<group>"; };
		C47873AB29C456EA00C5ABB7 /* TeestGame.swift */ = {isa = PBXFileReference; lastKnownFileType = sourcecode.swift; path = TeestGame.swift; sourceTree = "<group>"; };
		C47873AD29C4A63400C5ABB7 /* Assembly.swift */ = {isa = PBXFileReference; lastKnownFileType = sourcecode.swift; path = Assembly.swift; sourceTree = "<group>"; };
		C4A7883429DA918A002714FD /* LocationDataProvider.swift */ = {isa = PBXFileReference; lastKnownFileType = sourcecode.swift; path = LocationDataProvider.swift; sourceTree = "<group>"; };
		C4A7883629DA919E002714FD /* LocationViewController.swift */ = {isa = PBXFileReference; lastKnownFileType = sourcecode.swift; path = LocationViewController.swift; sourceTree = "<group>"; };
		C4A7883829DA91B0002714FD /* LocationAssembly.swift */ = {isa = PBXFileReference; lastKnownFileType = sourcecode.swift; path = LocationAssembly.swift; sourceTree = "<group>"; };
		C4A7883C29DA91E3002714FD /* LocationCoordinator.swift */ = {isa = PBXFileReference; lastKnownFileType = sourcecode.swift; path = LocationCoordinator.swift; sourceTree = "<group>"; };
		C4A7884029DA9215002714FD /* LocationViewData.swift */ = {isa = PBXFileReference; lastKnownFileType = sourcecode.swift; path = LocationViewData.swift; sourceTree = "<group>"; };
		C4A7884329DA9D3B002714FD /* CharacterDataProvider.swift */ = {isa = PBXFileReference; lastKnownFileType = sourcecode.swift; path = CharacterDataProvider.swift; sourceTree = "<group>"; };
		C4A7884529DA9D50002714FD /* CharacterViewController.swift */ = {isa = PBXFileReference; lastKnownFileType = sourcecode.swift; path = CharacterViewController.swift; sourceTree = "<group>"; };
		C4A7884729DA9D61002714FD /* CharacterAssembly.swift */ = {isa = PBXFileReference; lastKnownFileType = sourcecode.swift; path = CharacterAssembly.swift; sourceTree = "<group>"; };
		C4A7884929DA9D7C002714FD /* CharacterCoordinator.swift */ = {isa = PBXFileReference; lastKnownFileType = sourcecode.swift; path = CharacterCoordinator.swift; sourceTree = "<group>"; };
		C4A7884B29DA9DAD002714FD /* CharacterViewData.swift */ = {isa = PBXFileReference; lastKnownFileType = sourcecode.swift; path = CharacterViewData.swift; sourceTree = "<group>"; };
		C4A7884D29DA9F52002714FD /* CharacterApiClient.swift */ = {isa = PBXFileReference; lastKnownFileType = sourcecode.swift; path = CharacterApiClient.swift; sourceTree = "<group>"; };
/* End PBXFileReference section */

/* Begin PBXFrameworksBuildPhase section */
		C46D609829BF4B9C009247EE /* Frameworks */ = {
			isa = PBXFrameworksBuildPhase;
			buildActionMask = 2147483647;
			files = (
			);
			runOnlyForDeploymentPostprocessing = 0;
		};
/* End PBXFrameworksBuildPhase section */

/* Begin PBXGroup section */
		C40F2BF229D1BE9D004CF07D /* Responses */ = {
			isa = PBXGroup;
			children = (
				C40F2BF329D1BEB7004CF07D /* Models */,
			);
			path = Responses;
			sourceTree = "<group>";
		};
		C40F2BF329D1BEB7004CF07D /* Models */ = {
			isa = PBXGroup;
			children = (
				C40F2BF429D1BFC0004CF07D /* Location.swift */,
				C40F2BF629D1C303004CF07D /* TokenResponce.swift */,
				C445E77729D5C5C600B55141 /* Character.swift */,
			);
			path = Models;
			sourceTree = "<group>";
		};
		C40F2BF829D1C4EC004CF07D /* ApiClient */ = {
			isa = PBXGroup;
			children = (
				C40F2BF929D1C51B004CF07D /* ApiClient.swift */,
				C40F2BFB29D1C58C004CF07D /* NetworkConstants.swift */,
				C40F2BFD29D1CC2E004CF07D /* AuthApiClient.swift */,
				C40F2BFF29D1D3A9004CF07D /* ApiError.swift */,
				C445E77329D5B1CB00B55141 /* RegistrationApiClient.swift */,
				C445E77529D5BCAF00B55141 /* LocationApiClient.swift */,
				C4A7884D29DA9F52002714FD /* CharacterApiClient.swift */,
			);
			path = ApiClient;
			sourceTree = "<group>";
		};
		C42DD94B29ED85B90045D509 /* Services */ = {
			isa = PBXGroup;
			children = (
				C42DD94C29ED85E90045D509 /* ImageService.swift */,
			);
			path = Services;
			sourceTree = "<group>";
		};
		C42DD98029F267C60045D509 /* SubViews */ = {
			isa = PBXGroup;
			children = (
				C42DD98129F267C60045D509 /* SplashViewImp.xib */,
			);
			path = SubViews;
			sourceTree = "<group>";
		};
		C42DD98729F2BC320045D509 /* Subviews */ = {
			isa = PBXGroup;
			children = (
				C42DD98829F2BC620045D509 /* CharacterCell.swift */,
				C42DD98929F2BC620045D509 /* CharacterCell.xib */,
				C42DD98C29F2BDF90045D509 /* CharacterCellData.swift */,
			);
			path = Subviews;
			sourceTree = "<group>";
		};
		C44C365F29E809F300E2299B /* Common */ = {
			isa = PBXGroup;
			children = (
				C44C366129E809F300E2299B /* BaseViewController.xib */,
				C44C366029E809F300E2299B /* BaseViewController.swift */,
				C44C366229E809F300E2299B /* RootTab.swift */,
				C44C366329E809F300E2299B /* BaseNavigationController.swift */,
				C44C366429E809F300E2299B /* BaseCoordinator.swift */,
				C44C366529E809F300E2299B /* TabBarController.swift */,
			);
			path = Common;
			sourceTree = "<group>";
		};
		C44C366E29E80A3E00E2299B /* Cabinet */ = {
			isa = PBXGroup;
			children = (
				C44C366F29E80A3E00E2299B /* CabinetAssembly.swift */,
				C44C367029E80A3E00E2299B /* CabinetCoordinator.swift */,
				C44C367129E80A3E00E2299B /* CabinetViewController.swift */,
			);
			path = Cabinet;
			sourceTree = "<group>";
		};
		C44C367B29E81BBC00E2299B /* Subviews */ = {
			isa = PBXGroup;
			children = (
				C44C367C29E81BBC00E2299B /* AuthViewImp.xib */,
			);
			path = Subviews;
			sourceTree = "<group>";
		};
		C44C367E29E81BD200E2299B /* SubViews */ = {
			isa = PBXGroup;
			children = (
				C44C367F29E81BD200E2299B /* RegistrationViewImp.xib */,
			);
			path = SubViews;
			sourceTree = "<group>";
		};
		C44C368B29E98AAE00E2299B /* SubViews */ = {
			isa = PBXGroup;
			children = (
				C44C368C29E98ADC00E2299B /* LocationCell.swift */,
				C44C368D29E98ADC00E2299B /* LocationCell.xib */,
				C44C369029E98B2300E2299B /* LocationCellData.swift */,
			);
			path = SubViews;
			sourceTree = "<group>";
		};
		C44C369229E98E5300E2299B /* Extension */ = {
			isa = PBXGroup;
			children = (
				C44C369329E98E8100E2299B /* NSObject+ClassName.swift */,
			);
			path = Extension;
			sourceTree = "<group>";
		};
		C46D609229BF4B9C009247EE = {
			isa = PBXGroup;
			children = (
				C46D609D29BF4B9C009247EE /* iosShcool */,
				C46D609C29BF4B9C009247EE /* Products */,
			);
			sourceTree = "<group>";
		};
		C46D609C29BF4B9C009247EE /* Products */ = {
			isa = PBXGroup;
			children = (
				C46D609B29BF4B9C009247EE /* iosSchool.app */,
			);
			name = Products;
			sourceTree = "<group>";
		};
		C46D609D29BF4B9C009247EE /* iosShcool */ = {
			isa = PBXGroup;
			children = (
				C42DD94B29ED85B90045D509 /* Services */,
				C44C369229E98E5300E2299B /* Extension */,
				C44C366E29E80A3E00E2299B /* Cabinet */,
				C4A7884229DA9D18002714FD /* Character */,
				C4A7883329DA915C002714FD /* Location */,
				C475DA5229CB487900F8F263 /* Registration */,
				C40F2BF829D1C4EC004CF07D /* ApiClient */,
				C44C365F29E809F300E2299B /* Common */,
				C40F2BF229D1BE9D004CF07D /* Responses */,
				C475DA4829C89E5700F8F263 /* Splash */,
				C475DA3B29C8979500F8F263 /* Auth */,
				C46D609E29BF4B9C009247EE /* AppDelegate.swift */,
				C46D60A029BF4B9C009247EE /* SceneDelegate.swift */,
				C46D60A229BF4B9C009247EE /* ViewController.swift */,
				C46D60A729BF4B9F009247EE /* Assets.xcassets */,
				C46D60AC29BF4B9F009247EE /* Info.plist */,
				C46D60B229BF58B0009247EE /* ColorGenerator.swift */,
				C47873AB29C456EA00C5ABB7 /* TeestGame.swift */,
				C44C366C29E80A1400E2299B /* CustomButton.swift */,
				C47873AD29C4A63400C5ABB7 /* Assembly.swift */,
				C475DA3929C8918E00F8F263 /* AppCoordinator.swift */,
			);
			path = iosShcool;
			sourceTree = "<group>";
		};
		C475DA3B29C8979500F8F263 /* Auth */ = {
			isa = PBXGroup;
			children = (
				C44C367B29E81BBC00E2299B /* Subviews */,
				C475DA3C29C897B800F8F263 /* AuthDataProvider.swift */,
				C475DA3E29C8984000F8F263 /* AuthViewController.swift */,
				C475DA4029C8992A00F8F263 /* AuthAssembly.swift */,
				C475DA4229C89A3C00F8F263 /* AuthCoordinator.swift */,
				C475DA4429C89C5400F8F263 /* AuthView.swift */,
				C475DA4629C89CCB00F8F263 /* AuthViewData.swift */,
			);
			path = Auth;
			sourceTree = "<group>";
		};
		C475DA4829C89E5700F8F263 /* Splash */ = {
			isa = PBXGroup;
			children = (
				C42DD98029F267C60045D509 /* SubViews */,
				C475DA4929C89E8100F8F263 /* SplashViewController.swift */,
				C475DA4B29C89F1B00F8F263 /* SplashDataProvider.swift */,
				C475DA4D29C89F5A00F8F263 /* SplashAssembly.swift */,
				C475DA4F29C8A19F00F8F263 /* SplashCoordinator.swift */,
				C42DD98329F267E00045D509 /* SplashView.swift */,
			);
			path = Splash;
			sourceTree = "<group>";
		};
		C475DA5229CB487900F8F263 /* Registration */ = {
			isa = PBXGroup;
			children = (
				C44C367E29E81BD200E2299B /* SubViews */,
				C475DA5529CB495800F8F263 /* RegistrationDataProvider.swift */,
				C475DA5329CB48F600F8F263 /* RegistrationViewController.swift */,
				C475DA5729CB497400F8F263 /* RegistrationAssembly.swift */,
				C475DA5929CB499800F8F263 /* RegistrationCoordinator.swift */,
				C475DA5B29CB49B500F8F263 /* RegistrationView.swift */,
				C475DA5D29CB49C800F8F263 /* RegistrationViewData.swift */,
			);
			path = Registration;
			sourceTree = "<group>";
		};
		C4A7883329DA915C002714FD /* Location */ = {
			isa = PBXGroup;
			children = (
				C44C368B29E98AAE00E2299B /* SubViews */,
				C4A7883429DA918A002714FD /* LocationDataProvider.swift */,
				C4A7883629DA919E002714FD /* LocationViewController.swift */,
				C4A7883829DA91B0002714FD /* LocationAssembly.swift */,
				C4A7883C29DA91E3002714FD /* LocationCoordinator.swift */,
				C44C368929E980D200E2299B /* LocationView.swift */,
				C4A7884029DA9215002714FD /* LocationViewData.swift */,
			);
			path = Location;
			sourceTree = "<group>";
		};
		C4A7884229DA9D18002714FD /* Character */ = {
			isa = PBXGroup;
			children = (
				C42DD98729F2BC320045D509 /* Subviews */,
				C4A7884329DA9D3B002714FD /* CharacterDataProvider.swift */,
				C4A7884529DA9D50002714FD /* CharacterViewController.swift */,
				C4A7884729DA9D61002714FD /* CharacterAssembly.swift */,
				C4A7884929DA9D7C002714FD /* CharacterCoordinator.swift */,
				C42DD98529F2BA3C0045D509 /* CharacterView.swift */,
				C4A7884B29DA9DAD002714FD /* CharacterViewData.swift */,
			);
			path = Character;
			sourceTree = "<group>";
		};
/* End PBXGroup section */

/* Begin PBXNativeTarget section */
		C46D609A29BF4B9C009247EE /* iosSchool */ = {
			isa = PBXNativeTarget;
			buildConfigurationList = C46D60AF29BF4B9F009247EE /* Build configuration list for PBXNativeTarget "iosSchool" */;
			buildPhases = (
				C46D609729BF4B9C009247EE /* Sources */,
				C46D609829BF4B9C009247EE /* Frameworks */,
				C46D609929BF4B9C009247EE /* Resources */,
				C46D60B429BF628B009247EE /* Run Script */,
			);
			buildRules = (
			);
			dependencies = (
			);
			name = iosSchool;
			productName = iosShcool;
			productReference = C46D609B29BF4B9C009247EE /* iosSchool.app */;
			productType = "com.apple.product-type.application";
		};
/* End PBXNativeTarget section */

/* Begin PBXProject section */
		C46D609329BF4B9C009247EE /* Project object */ = {
			isa = PBXProject;
			attributes = {
				BuildIndependentTargetsInParallel = 1;
				LastSwiftUpdateCheck = 1420;
				LastUpgradeCheck = 1420;
				TargetAttributes = {
					C46D609A29BF4B9C009247EE = {
						CreatedOnToolsVersion = 14.2;
					};
				};
			};
			buildConfigurationList = C46D609629BF4B9C009247EE /* Build configuration list for PBXProject "iosSchool" */;
			compatibilityVersion = "Xcode 14.0";
			developmentRegion = en;
			hasScannedForEncodings = 0;
			knownRegions = (
				en,
				Base,
			);
			mainGroup = C46D609229BF4B9C009247EE;
			productRefGroup = C46D609C29BF4B9C009247EE /* Products */;
			projectDirPath = "";
			projectRoot = "";
			targets = (
				C46D609A29BF4B9C009247EE /* iosSchool */,
			);
		};
/* End PBXProject section */

/* Begin PBXResourcesBuildPhase section */
		C46D609929BF4B9C009247EE /* Resources */ = {
			isa = PBXResourcesBuildPhase;
			buildActionMask = 2147483647;
			files = (
				C42DD98B29F2BC620045D509 /* CharacterCell.xib in Resources */,
				C44C368F29E98ADC00E2299B /* LocationCell.xib in Resources */,
				C44C366729E809F300E2299B /* BaseViewController.xib in Resources */,
				C44C368029E81BD200E2299B /* RegistrationViewImp.xib in Resources */,
				C46D60A829BF4B9F009247EE /* Assets.xcassets in Resources */,
				C42DD98229F267C60045D509 /* SplashViewImp.xib in Resources */,
				C44C367D29E81BBC00E2299B /* AuthViewImp.xib in Resources */,
			);
			runOnlyForDeploymentPostprocessing = 0;
		};
/* End PBXResourcesBuildPhase section */

/* Begin PBXShellScriptBuildPhase section */
		C46D60B429BF628B009247EE /* Run Script */ = {
			isa = PBXShellScriptBuildPhase;
			alwaysOutOfDate = 1;
			buildActionMask = 2147483647;
			files = (
			);
			inputFileListPaths = (
			);
			inputPaths = (
			);
			name = "Run Script";
			outputFileListPaths = (
			);
			outputPaths = (
			);
			runOnlyForDeploymentPostprocessing = 0;
			shellPath = /bin/sh;
			shellScript = "export PATH=\"$PATH:/opt/homebrew/bin\"\nif which swiftlint > /dev/null; then\n  swiftlint\nelse\n  echo \"warning: SwiftLint not installed\"\nfi\n";
		};
/* End PBXShellScriptBuildPhase section */

/* Begin PBXSourcesBuildPhase section */
		C46D609729BF4B9C009247EE /* Sources */ = {
			isa = PBXSourcesBuildPhase;
			buildActionMask = 2147483647;
			files = (
				C44C366929E809F300E2299B /* BaseNavigationController.swift in Sources */,
				C4A7883729DA919E002714FD /* LocationViewController.swift in Sources */,
				C46D60A329BF4B9C009247EE /* ViewController.swift in Sources */,
				C44C368A29E980D200E2299B /* LocationView.swift in Sources */,
				C475DA5629CB495800F8F263 /* RegistrationDataProvider.swift in Sources */,
				C42DD98D29F2BDF90045D509 /* CharacterCellData.swift in Sources */,
				C42DD94D29ED85E90045D509 /* ImageService.swift in Sources */,
				C4A7884829DA9D61002714FD /* CharacterAssembly.swift in Sources */,
				C475DA5C29CB49B500F8F263 /* RegistrationView.swift in Sources */,
				C4A7884E29DA9F52002714FD /* CharacterApiClient.swift in Sources */,
				C44C369129E98B2300E2299B /* LocationCellData.swift in Sources */,
				C475DA4129C8992A00F8F263 /* AuthAssembly.swift in Sources */,
				C445E77629D5BCAF00B55141 /* LocationApiClient.swift in Sources */,
				C475DA5A29CB499800F8F263 /* RegistrationCoordinator.swift in Sources */,
				C475DA5429CB48F600F8F263 /* RegistrationViewController.swift in Sources */,
				C44C369429E98E8100E2299B /* NSObject+ClassName.swift in Sources */,
				C42DD98A29F2BC620045D509 /* CharacterCell.swift in Sources */,
				C44C367429E80A3E00E2299B /* CabinetViewController.swift in Sources */,
				C40F2BFC29D1C58C004CF07D /* NetworkConstants.swift in Sources */,
				C47873AE29C4A63400C5ABB7 /* Assembly.swift in Sources */,
				C475DA5029C8A19F00F8F263 /* SplashCoordinator.swift in Sources */,
				C44C366629E809F300E2299B /* BaseViewController.swift in Sources */,
				C40F2C0029D1D3A9004CF07D /* ApiError.swift in Sources */,
				C44C367329E80A3E00E2299B /* CabinetCoordinator.swift in Sources */,
				C4A7883529DA918A002714FD /* LocationDataProvider.swift in Sources */,
				C4A7883D29DA91E3002714FD /* LocationCoordinator.swift in Sources */,
				C475DA4C29C89F1B00F8F263 /* SplashDataProvider.swift in Sources */,
				C475DA4529C89C5400F8F263 /* AuthView.swift in Sources */,
				C445E77429D5B1CB00B55141 /* RegistrationApiClient.swift in Sources */,
				C44C368E29E98ADC00E2299B /* LocationCell.swift in Sources */,
				C475DA4E29C89F5A00F8F263 /* SplashAssembly.swift in Sources */,
				C475DA3F29C8984000F8F263 /* AuthViewController.swift in Sources */,
				C46D60B329BF58B0009247EE /* ColorGenerator.swift in Sources */,
				C4A7884C29DA9DAD002714FD /* CharacterViewData.swift in Sources */,
				C4A7884129DA9215002714FD /* LocationViewData.swift in Sources */,
				C475DA5E29CB49C800F8F263 /* RegistrationViewData.swift in Sources */,
				C46D609F29BF4B9C009247EE /* AppDelegate.swift in Sources */,
				C40F2BFE29D1CC2E004CF07D /* AuthApiClient.swift in Sources */,
				C40F2BF729D1C303004CF07D /* TokenResponce.swift in Sources */,
				C4A7884A29DA9D7C002714FD /* CharacterCoordinator.swift in Sources */,
				C475DA3A29C8918E00F8F263 /* AppCoordinator.swift in Sources */,
				C44C367229E80A3E00E2299B /* CabinetAssembly.swift in Sources */,
				C475DA4729C89CCB00F8F263 /* AuthViewData.swift in Sources */,
				C44C366B29E809F300E2299B /* TabBarController.swift in Sources */,
				C4A7884429DA9D3B002714FD /* CharacterDataProvider.swift in Sources */,
				C44C366A29E809F300E2299B /* BaseCoordinator.swift in Sources */,
				C475DA4A29C89E8100F8F263 /* SplashViewController.swift in Sources */,
				C44C366829E809F300E2299B /* RootTab.swift in Sources */,
				C445E77829D5C5C600B55141 /* Character.swift in Sources */,
				C44C366D29E80A1400E2299B /* CustomButton.swift in Sources */,
				C40F2BFA29D1C51B004CF07D /* ApiClient.swift in Sources */,
				C40F2BF529D1BFC0004CF07D /* Location.swift in Sources */,
				C4A7883929DA91B0002714FD /* LocationAssembly.swift in Sources */,
				C47873AC29C456EA00C5ABB7 /* TeestGame.swift in Sources */,
				C46D60A129BF4B9C009247EE /* SceneDelegate.swift in Sources */,
				C4A7884629DA9D50002714FD /* CharacterViewController.swift in Sources */,
				C42DD98629F2BA3C0045D509 /* CharacterView.swift in Sources */,
				C475DA4329C89A3C00F8F263 /* AuthCoordinator.swift in Sources */,
				C42DD98429F267E10045D509 /* SplashView.swift in Sources */,
				C475DA3D29C897B800F8F263 /* AuthDataProvider.swift in Sources */,
				C475DA5829CB497400F8F263 /* RegistrationAssembly.swift in Sources */,
			);
			runOnlyForDeploymentPostprocessing = 0;
		};
/* End PBXSourcesBuildPhase section */

/* Begin XCBuildConfiguration section */
		C46D60AD29BF4B9F009247EE /* Debug */ = {
			isa = XCBuildConfiguration;
			buildSettings = {
				ALWAYS_SEARCH_USER_PATHS = NO;
				CLANG_ANALYZER_NONNULL = YES;
				CLANG_ANALYZER_NUMBER_OBJECT_CONVERSION = YES_AGGRESSIVE;
				CLANG_CXX_LANGUAGE_STANDARD = "gnu++20";
				CLANG_ENABLE_MODULES = YES;
				CLANG_ENABLE_OBJC_ARC = YES;
				CLANG_ENABLE_OBJC_WEAK = YES;
				CLANG_WARN_BLOCK_CAPTURE_AUTORELEASING = YES;
				CLANG_WARN_BOOL_CONVERSION = YES;
				CLANG_WARN_COMMA = YES;
				CLANG_WARN_CONSTANT_CONVERSION = YES;
				CLANG_WARN_DEPRECATED_OBJC_IMPLEMENTATIONS = YES;
				CLANG_WARN_DIRECT_OBJC_ISA_USAGE = YES_ERROR;
				CLANG_WARN_DOCUMENTATION_COMMENTS = YES;
				CLANG_WARN_EMPTY_BODY = YES;
				CLANG_WARN_ENUM_CONVERSION = YES;
				CLANG_WARN_INFINITE_RECURSION = YES;
				CLANG_WARN_INT_CONVERSION = YES;
				CLANG_WARN_NON_LITERAL_NULL_CONVERSION = YES;
				CLANG_WARN_OBJC_IMPLICIT_RETAIN_SELF = YES;
				CLANG_WARN_OBJC_LITERAL_CONVERSION = YES;
				CLANG_WARN_OBJC_ROOT_CLASS = YES_ERROR;
				CLANG_WARN_QUOTED_INCLUDE_IN_FRAMEWORK_HEADER = YES;
				CLANG_WARN_RANGE_LOOP_ANALYSIS = YES;
				CLANG_WARN_STRICT_PROTOTYPES = YES;
				CLANG_WARN_SUSPICIOUS_MOVE = YES;
				CLANG_WARN_UNGUARDED_AVAILABILITY = YES_AGGRESSIVE;
				CLANG_WARN_UNREACHABLE_CODE = YES;
				CLANG_WARN__DUPLICATE_METHOD_MATCH = YES;
				COPY_PHASE_STRIP = NO;
				DEBUG_INFORMATION_FORMAT = dwarf;
				ENABLE_STRICT_OBJC_MSGSEND = YES;
				ENABLE_TESTABILITY = YES;
				GCC_C_LANGUAGE_STANDARD = gnu11;
				GCC_DYNAMIC_NO_PIC = NO;
				GCC_NO_COMMON_BLOCKS = YES;
				GCC_OPTIMIZATION_LEVEL = 0;
				GCC_PREPROCESSOR_DEFINITIONS = (
					"DEBUG=1",
					"$(inherited)",
				);
				GCC_WARN_64_TO_32_BIT_CONVERSION = YES;
				GCC_WARN_ABOUT_RETURN_TYPE = YES_ERROR;
				GCC_WARN_UNDECLARED_SELECTOR = YES;
				GCC_WARN_UNINITIALIZED_AUTOS = YES_AGGRESSIVE;
				GCC_WARN_UNUSED_FUNCTION = YES;
				GCC_WARN_UNUSED_VARIABLE = YES;
				IPHONEOS_DEPLOYMENT_TARGET = 16.2;
				MTL_ENABLE_DEBUG_INFO = INCLUDE_SOURCE;
				MTL_FAST_MATH = YES;
				ONLY_ACTIVE_ARCH = YES;
				SDKROOT = iphoneos;
				SWIFT_ACTIVE_COMPILATION_CONDITIONS = DEBUG;
				SWIFT_OPTIMIZATION_LEVEL = "-Onone";
			};
			name = Debug;
		};
		C46D60AE29BF4B9F009247EE /* Release */ = {
			isa = XCBuildConfiguration;
			buildSettings = {
				ALWAYS_SEARCH_USER_PATHS = NO;
				CLANG_ANALYZER_NONNULL = YES;
				CLANG_ANALYZER_NUMBER_OBJECT_CONVERSION = YES_AGGRESSIVE;
				CLANG_CXX_LANGUAGE_STANDARD = "gnu++20";
				CLANG_ENABLE_MODULES = YES;
				CLANG_ENABLE_OBJC_ARC = YES;
				CLANG_ENABLE_OBJC_WEAK = YES;
				CLANG_WARN_BLOCK_CAPTURE_AUTORELEASING = YES;
				CLANG_WARN_BOOL_CONVERSION = YES;
				CLANG_WARN_COMMA = YES;
				CLANG_WARN_CONSTANT_CONVERSION = YES;
				CLANG_WARN_DEPRECATED_OBJC_IMPLEMENTATIONS = YES;
				CLANG_WARN_DIRECT_OBJC_ISA_USAGE = YES_ERROR;
				CLANG_WARN_DOCUMENTATION_COMMENTS = YES;
				CLANG_WARN_EMPTY_BODY = YES;
				CLANG_WARN_ENUM_CONVERSION = YES;
				CLANG_WARN_INFINITE_RECURSION = YES;
				CLANG_WARN_INT_CONVERSION = YES;
				CLANG_WARN_NON_LITERAL_NULL_CONVERSION = YES;
				CLANG_WARN_OBJC_IMPLICIT_RETAIN_SELF = YES;
				CLANG_WARN_OBJC_LITERAL_CONVERSION = YES;
				CLANG_WARN_OBJC_ROOT_CLASS = YES_ERROR;
				CLANG_WARN_QUOTED_INCLUDE_IN_FRAMEWORK_HEADER = YES;
				CLANG_WARN_RANGE_LOOP_ANALYSIS = YES;
				CLANG_WARN_STRICT_PROTOTYPES = YES;
				CLANG_WARN_SUSPICIOUS_MOVE = YES;
				CLANG_WARN_UNGUARDED_AVAILABILITY = YES_AGGRESSIVE;
				CLANG_WARN_UNREACHABLE_CODE = YES;
				CLANG_WARN__DUPLICATE_METHOD_MATCH = YES;
				COPY_PHASE_STRIP = NO;
				DEBUG_INFORMATION_FORMAT = "dwarf-with-dsym";
				ENABLE_NS_ASSERTIONS = NO;
				ENABLE_STRICT_OBJC_MSGSEND = YES;
				GCC_C_LANGUAGE_STANDARD = gnu11;
				GCC_NO_COMMON_BLOCKS = YES;
				GCC_WARN_64_TO_32_BIT_CONVERSION = YES;
				GCC_WARN_ABOUT_RETURN_TYPE = YES_ERROR;
				GCC_WARN_UNDECLARED_SELECTOR = YES;
				GCC_WARN_UNINITIALIZED_AUTOS = YES_AGGRESSIVE;
				GCC_WARN_UNUSED_FUNCTION = YES;
				GCC_WARN_UNUSED_VARIABLE = YES;
				IPHONEOS_DEPLOYMENT_TARGET = 16.2;
				MTL_ENABLE_DEBUG_INFO = NO;
				MTL_FAST_MATH = YES;
				SDKROOT = iphoneos;
				SWIFT_COMPILATION_MODE = wholemodule;
				SWIFT_OPTIMIZATION_LEVEL = "-O";
				VALIDATE_PRODUCT = YES;
			};
			name = Release;
		};
		C46D60B029BF4B9F009247EE /* Debug */ = {
			isa = XCBuildConfiguration;
			buildSettings = {
				ASSETCATALOG_COMPILER_APPICON_NAME = AppIcon;
				ASSETCATALOG_COMPILER_GLOBAL_ACCENT_COLOR_NAME = AccentColor;
				CODE_SIGN_STYLE = Automatic;
				CURRENT_PROJECT_VERSION = 1;
				GENERATE_INFOPLIST_FILE = YES;
				INFOPLIST_FILE = iosShcool/Info.plist;
				INFOPLIST_KEY_UIApplicationSupportsIndirectInputEvents = YES;
				INFOPLIST_KEY_UILaunchStoryboardName = LaunchScreen;
				INFOPLIST_KEY_UISupportedInterfaceOrientations_iPad = "UIInterfaceOrientationPortrait UIInterfaceOrientationPortraitUpsideDown UIInterfaceOrientationLandscapeLeft UIInterfaceOrientationLandscapeRight";
				INFOPLIST_KEY_UISupportedInterfaceOrientations_iPhone = "UIInterfaceOrientationPortrait UIInterfaceOrientationLandscapeLeft UIInterfaceOrientationLandscapeRight";
				LD_RUNPATH_SEARCH_PATHS = (
					"$(inherited)",
					"@executable_path/Frameworks",
				);
				MARKETING_VERSION = 1.0;
				PRODUCT_BUNDLE_IDENTIFIER = KsushasProd.iosShcool;
				PRODUCT_NAME = "$(TARGET_NAME)";
				SWIFT_EMIT_LOC_STRINGS = YES;
				SWIFT_VERSION = 5.0;
				TARGETED_DEVICE_FAMILY = "1,2";
			};
			name = Debug;
		};
		C46D60B129BF4B9F009247EE /* Release */ = {
			isa = XCBuildConfiguration;
			buildSettings = {
				ASSETCATALOG_COMPILER_APPICON_NAME = AppIcon;
				ASSETCATALOG_COMPILER_GLOBAL_ACCENT_COLOR_NAME = AccentColor;
				CODE_SIGN_STYLE = Automatic;
				CURRENT_PROJECT_VERSION = 1;
				GENERATE_INFOPLIST_FILE = YES;
				INFOPLIST_FILE = iosShcool/Info.plist;
				INFOPLIST_KEY_UIApplicationSupportsIndirectInputEvents = YES;
				INFOPLIST_KEY_UILaunchStoryboardName = LaunchScreen;
				INFOPLIST_KEY_UISupportedInterfaceOrientations_iPad = "UIInterfaceOrientationPortrait UIInterfaceOrientationPortraitUpsideDown UIInterfaceOrientationLandscapeLeft UIInterfaceOrientationLandscapeRight";
				INFOPLIST_KEY_UISupportedInterfaceOrientations_iPhone = "UIInterfaceOrientationPortrait UIInterfaceOrientationLandscapeLeft UIInterfaceOrientationLandscapeRight";
				LD_RUNPATH_SEARCH_PATHS = (
					"$(inherited)",
					"@executable_path/Frameworks",
				);
				MARKETING_VERSION = 1.0;
				PRODUCT_BUNDLE_IDENTIFIER = KsushasProd.iosShcool;
				PRODUCT_NAME = "$(TARGET_NAME)";
				SWIFT_EMIT_LOC_STRINGS = YES;
				SWIFT_VERSION = 5.0;
				TARGETED_DEVICE_FAMILY = "1,2";
			};
			name = Release;
		};
/* End XCBuildConfiguration section */

/* Begin XCConfigurationList section */
		C46D609629BF4B9C009247EE /* Build configuration list for PBXProject "iosSchool" */ = {
			isa = XCConfigurationList;
			buildConfigurations = (
				C46D60AD29BF4B9F009247EE /* Debug */,
				C46D60AE29BF4B9F009247EE /* Release */,
			);
			defaultConfigurationIsVisible = 0;
			defaultConfigurationName = Release;
		};
		C46D60AF29BF4B9F009247EE /* Build configuration list for PBXNativeTarget "iosSchool" */ = {
			isa = XCConfigurationList;
			buildConfigurations = (
				C46D60B029BF4B9F009247EE /* Debug */,
				C46D60B129BF4B9F009247EE /* Release */,
			);
			defaultConfigurationIsVisible = 0;
			defaultConfigurationName = Release;
		};
/* End XCConfigurationList section */
	};
	rootObject = C46D609329BF4B9C009247EE /* Project object */;
}
