// !$*UTF8*$!
{
	archiveVersion = 1;
	classes = {
	};
	objectVersion = 56;
	objects = {

/* Begin PBXBuildFile section */
		C40F2BF529D1BFC0004CF07D /* Location.swift in Sources */ = {isa = PBXBuildFile; fileRef = C40F2BF429D1BFC0004CF07D /* Location.swift */; };
		C40F2BF729D1C303004CF07D /* TokenResponce.swift in Sources */ = {isa = PBXBuildFile; fileRef = C40F2BF629D1C303004CF07D /* TokenResponce.swift */; };
		C40F2BFA29D1C51B004CF07D /* ApiClient.swift in Sources */ = {isa = PBXBuildFile; fileRef = C40F2BF929D1C51B004CF07D /* ApiClient.swift */; };
		C40F2BFC29D1C58C004CF07D /* NetworkConstants.swift in Sources */ = {isa = PBXBuildFile; fileRef = C40F2BFB29D1C58C004CF07D /* NetworkConstants.swift */; };
		C40F2BFE29D1CC2E004CF07D /* AuthApiClient.swift in Sources */ = {isa = PBXBuildFile; fileRef = C40F2BFD29D1CC2E004CF07D /* AuthApiClient.swift */; };
		C40F2C0029D1D3A9004CF07D /* ApiError.swift in Sources */ = {isa = PBXBuildFile; fileRef = C40F2BFF29D1D3A9004CF07D /* ApiError.swift */; };
		C44C364629DD84A500E2299B /* RegistrationViewImp.xib in Resources */ = {isa = PBXBuildFile; fileRef = C44C364529DD84A500E2299B /* RegistrationViewImp.xib */; };
		C46D609F29BF4B9C009247EE /* AppDelegate.swift in Sources */ = {isa = PBXBuildFile; fileRef = C46D609E29BF4B9C009247EE /* AppDelegate.swift */; };
		C46D60A129BF4B9C009247EE /* SceneDelegate.swift in Sources */ = {isa = PBXBuildFile; fileRef = C46D60A029BF4B9C009247EE /* SceneDelegate.swift */; };
		C46D60A329BF4B9C009247EE /* ViewController.swift in Sources */ = {isa = PBXBuildFile; fileRef = C46D60A229BF4B9C009247EE /* ViewController.swift */; };
		C46D60A829BF4B9F009247EE /* Assets.xcassets in Resources */ = {isa = PBXBuildFile; fileRef = C46D60A729BF4B9F009247EE /* Assets.xcassets */; };
		C46D60AB29BF4B9F009247EE /* LaunchScreen.storyboard in Resources */ = {isa = PBXBuildFile; fileRef = C46D60A929BF4B9F009247EE /* LaunchScreen.storyboard */; };
		C46D60B329BF58B0009247EE /* ColorGenerator.swift in Sources */ = {isa = PBXBuildFile; fileRef = C46D60B229BF58B0009247EE /* ColorGenerator.swift */; };
		C475DA3829C8909100F8F263 /* BaseCoordinator.swift in Sources */ = {isa = PBXBuildFile; fileRef = C475DA3729C8909100F8F263 /* BaseCoordinator.swift */; };
		C475DA3A29C8918E00F8F263 /* AppCoordinator.swift in Sources */ = {isa = PBXBuildFile; fileRef = C475DA3929C8918E00F8F263 /* AppCoordinator.swift */; };
		C475DA3D29C897B800F8F263 /* AuthDataProvider.swift in Sources */ = {isa = PBXBuildFile; fileRef = C475DA3C29C897B800F8F263 /* AuthDataProvider.swift */; };
		C475DA3F29C8984000F8F263 /* AuthViewController.swift in Sources */ = {isa = PBXBuildFile; fileRef = C475DA3E29C8984000F8F263 /* AuthViewController.swift */; };
		C475DA4129C8992A00F8F263 /* AuthAssembly.swift in Sources */ = {isa = PBXBuildFile; fileRef = C475DA4029C8992A00F8F263 /* AuthAssembly.swift */; };
		C475DA4329C89A3C00F8F263 /* AuthCoordinator.swift in Sources */ = {isa = PBXBuildFile; fileRef = C475DA4229C89A3C00F8F263 /* AuthCoordinator.swift */; };
		C475DA4529C89C5400F8F263 /* AuthView.swift in Sources */ = {isa = PBXBuildFile; fileRef = C475DA4429C89C5400F8F263 /* AuthView.swift */; };
		C475DA4729C89CCB00F8F263 /* AuthViewData.swift in Sources */ = {isa = PBXBuildFile; fileRef = C475DA4629C89CCB00F8F263 /* AuthViewData.swift */; };
		C475DA4A29C89E8100F8F263 /* SplashViewController.swift in Sources */ = {isa = PBXBuildFile; fileRef = C475DA4929C89E8100F8F263 /* SplashViewController.swift */; };
		C475DA4C29C89F1B00F8F263 /* SplashDataProvider.swift in Sources */ = {isa = PBXBuildFile; fileRef = C475DA4B29C89F1B00F8F263 /* SplashDataProvider.swift */; };
		C475DA4E29C89F5A00F8F263 /* SplashAssembly.swift in Sources */ = {isa = PBXBuildFile; fileRef = C475DA4D29C89F5A00F8F263 /* SplashAssembly.swift */; };
		C475DA5029C8A19F00F8F263 /* SplashCoordinator.swift in Sources */ = {isa = PBXBuildFile; fileRef = C475DA4F29C8A19F00F8F263 /* SplashCoordinator.swift */; };
		C475DA5429CB48F600F8F263 /* RegistrationViewController.swift in Sources */ = {isa = PBXBuildFile; fileRef = C475DA5329CB48F600F8F263 /* RegistrationViewController.swift */; };
		C475DA5629CB495800F8F263 /* RegistrationDataProvider.swift in Sources */ = {isa = PBXBuildFile; fileRef = C475DA5529CB495800F8F263 /* RegistrationDataProvider.swift */; };
		C475DA5829CB497400F8F263 /* RegistrationAssembly.swift in Sources */ = {isa = PBXBuildFile; fileRef = C475DA5729CB497400F8F263 /* RegistrationAssembly.swift */; };
		C475DA5A29CB499800F8F263 /* RegistrationCoordinator.swift in Sources */ = {isa = PBXBuildFile; fileRef = C475DA5929CB499800F8F263 /* RegistrationCoordinator.swift */; };
		C475DA5C29CB49B500F8F263 /* RegistrationView.swift in Sources */ = {isa = PBXBuildFile; fileRef = C475DA5B29CB49B500F8F263 /* RegistrationView.swift */; };
		C475DA5E29CB49C800F8F263 /* RegistrationViewData.swift in Sources */ = {isa = PBXBuildFile; fileRef = C475DA5D29CB49C800F8F263 /* RegistrationViewData.swift */; };
		C47873AC29C456EA00C5ABB7 /* TeestGame.swift in Sources */ = {isa = PBXBuildFile; fileRef = C47873AB29C456EA00C5ABB7 /* TeestGame.swift */; };
		C47873AE29C4A63400C5ABB7 /* Assembly.swift in Sources */ = {isa = PBXBuildFile; fileRef = C47873AD29C4A63400C5ABB7 /* Assembly.swift */; };
		C4A7882B29D70790002714FD /* AuthViewImp.xib in Resources */ = {isa = PBXBuildFile; fileRef = C4A7882A29D70790002714FD /* AuthViewImp.xib */; };
		C4A7883029D71937002714FD /* BaseViewController.swift in Sources */ = {isa = PBXBuildFile; fileRef = C4A7882F29D71937002714FD /* BaseViewController.swift */; };
		C4A7883229D71F0A002714FD /* CustomButton.swift in Sources */ = {isa = PBXBuildFile; fileRef = C4A7883129D71F0A002714FD /* CustomButton.swift */; };
/* End PBXBuildFile section */

/* Begin PBXFileReference section */
		C40F2BF429D1BFC0004CF07D /* Location.swift */ = {isa = PBXFileReference; lastKnownFileType = sourcecode.swift; path = Location.swift; sourceTree = "<group>"; };
		C40F2BF629D1C303004CF07D /* TokenResponce.swift */ = {isa = PBXFileReference; lastKnownFileType = sourcecode.swift; path = TokenResponce.swift; sourceTree = "<group>"; };
		C40F2BF929D1C51B004CF07D /* ApiClient.swift */ = {isa = PBXFileReference; lastKnownFileType = sourcecode.swift; path = ApiClient.swift; sourceTree = "<group>"; };
		C40F2BFB29D1C58C004CF07D /* NetworkConstants.swift */ = {isa = PBXFileReference; lastKnownFileType = sourcecode.swift; path = NetworkConstants.swift; sourceTree = "<group>"; };
		C40F2BFD29D1CC2E004CF07D /* AuthApiClient.swift */ = {isa = PBXFileReference; lastKnownFileType = sourcecode.swift; path = AuthApiClient.swift; sourceTree = "<group>"; };
		C40F2BFF29D1D3A9004CF07D /* ApiError.swift */ = {isa = PBXFileReference; lastKnownFileType = sourcecode.swift; path = ApiError.swift; sourceTree = "<group>"; };
		C44C364529DD84A500E2299B /* RegistrationViewImp.xib */ = {isa = PBXFileReference; fileEncoding = 4; lastKnownFileType = file.xib; path = RegistrationViewImp.xib; sourceTree = "<group>"; };
		C46D609B29BF4B9C009247EE /* iosSchool.app */ = {isa = PBXFileReference; explicitFileType = wrapper.application; includeInIndex = 0; path = iosSchool.app; sourceTree = BUILT_PRODUCTS_DIR; };
		C46D609E29BF4B9C009247EE /* AppDelegate.swift */ = {isa = PBXFileReference; lastKnownFileType = sourcecode.swift; path = AppDelegate.swift; sourceTree = "<group>"; };
		C46D60A029BF4B9C009247EE /* SceneDelegate.swift */ = {isa = PBXFileReference; lastKnownFileType = sourcecode.swift; path = SceneDelegate.swift; sourceTree = "<group>"; };
		C46D60A229BF4B9C009247EE /* ViewController.swift */ = {isa = PBXFileReference; lastKnownFileType = sourcecode.swift; path = ViewController.swift; sourceTree = "<group>"; };
		C46D60A729BF4B9F009247EE /* Assets.xcassets */ = {isa = PBXFileReference; lastKnownFileType = folder.assetcatalog; path = Assets.xcassets; sourceTree = "<group>"; };
		C46D60AA29BF4B9F009247EE /* Base */ = {isa = PBXFileReference; lastKnownFileType = file.storyboard; name = Base; path = Base.lproj/LaunchScreen.storyboard; sourceTree = "<group>"; };
		C46D60AC29BF4B9F009247EE /* Info.plist */ = {isa = PBXFileReference; lastKnownFileType = text.plist.xml; path = Info.plist; sourceTree = "<group>"; };
		C46D60B229BF58B0009247EE /* ColorGenerator.swift */ = {isa = PBXFileReference; lastKnownFileType = sourcecode.swift; path = ColorGenerator.swift; sourceTree = "<group>"; };
		C475DA3729C8909100F8F263 /* BaseCoordinator.swift */ = {isa = PBXFileReference; lastKnownFileType = sourcecode.swift; path = BaseCoordinator.swift; sourceTree = "<group>"; };
		C475DA3929C8918E00F8F263 /* AppCoordinator.swift */ = {isa = PBXFileReference; lastKnownFileType = sourcecode.swift; path = AppCoordinator.swift; sourceTree = "<group>"; };
		C475DA3C29C897B800F8F263 /* AuthDataProvider.swift */ = {isa = PBXFileReference; lastKnownFileType = sourcecode.swift; path = AuthDataProvider.swift; sourceTree = "<group>"; };
		C475DA3E29C8984000F8F263 /* AuthViewController.swift */ = {isa = PBXFileReference; lastKnownFileType = sourcecode.swift; path = AuthViewController.swift; sourceTree = "<group>"; };
		C475DA4029C8992A00F8F263 /* AuthAssembly.swift */ = {isa = PBXFileReference; lastKnownFileType = sourcecode.swift; path = AuthAssembly.swift; sourceTree = "<group>"; };
		C475DA4229C89A3C00F8F263 /* AuthCoordinator.swift */ = {isa = PBXFileReference; lastKnownFileType = sourcecode.swift; path = AuthCoordinator.swift; sourceTree = "<group>"; };
		C475DA4429C89C5400F8F263 /* AuthView.swift */ = {isa = PBXFileReference; lastKnownFileType = sourcecode.swift; path = AuthView.swift; sourceTree = "<group>"; };
		C475DA4629C89CCB00F8F263 /* AuthViewData.swift */ = {isa = PBXFileReference; lastKnownFileType = sourcecode.swift; path = AuthViewData.swift; sourceTree = "<group>"; };
		C475DA4929C89E8100F8F263 /* SplashViewController.swift */ = {isa = PBXFileReference; lastKnownFileType = sourcecode.swift; path = SplashViewController.swift; sourceTree = "<group>"; };
		C475DA4B29C89F1B00F8F263 /* SplashDataProvider.swift */ = {isa = PBXFileReference; lastKnownFileType = sourcecode.swift; path = SplashDataProvider.swift; sourceTree = "<group>"; };
		C475DA4D29C89F5A00F8F263 /* SplashAssembly.swift */ = {isa = PBXFileReference; lastKnownFileType = sourcecode.swift; path = SplashAssembly.swift; sourceTree = "<group>"; };
		C475DA4F29C8A19F00F8F263 /* SplashCoordinator.swift */ = {isa = PBXFileReference; lastKnownFileType = sourcecode.swift; path = SplashCoordinator.swift; sourceTree = "<group>"; };
		C475DA5329CB48F600F8F263 /* RegistrationViewController.swift */ = {isa = PBXFileReference; lastKnownFileType = sourcecode.swift; path = RegistrationViewController.swift; sourceTree = "<group>"; };
		C475DA5529CB495800F8F263 /* RegistrationDataProvider.swift */ = {isa = PBXFileReference; lastKnownFileType = sourcecode.swift; path = RegistrationDataProvider.swift; sourceTree = "<group>"; };
		C475DA5729CB497400F8F263 /* RegistrationAssembly.swift */ = {isa = PBXFileReference; lastKnownFileType = sourcecode.swift; path = RegistrationAssembly.swift; sourceTree = "<group>"; };
		C475DA5929CB499800F8F263 /* RegistrationCoordinator.swift */ = {isa = PBXFileReference; lastKnownFileType = sourcecode.swift; path = RegistrationCoordinator.swift; sourceTree = "<group>"; };
		C475DA5B29CB49B500F8F263 /* RegistrationView.swift */ = {isa = PBXFileReference; lastKnownFileType = sourcecode.swift; path = RegistrationView.swift; sourceTree = "<group>"; };
		C475DA5D29CB49C800F8F263 /* RegistrationViewData.swift */ = {isa = PBXFileReference; lastKnownFileType = sourcecode.swift; path = RegistrationViewData.swift; sourceTree = "<group>"; };
		C47873AB29C456EA00C5ABB7 /* TeestGame.swift */ = {isa = PBXFileReference; lastKnownFileType = sourcecode.swift; path = TeestGame.swift; sourceTree = "<group>"; };
		C47873AD29C4A63400C5ABB7 /* Assembly.swift */ = {isa = PBXFileReference; lastKnownFileType = sourcecode.swift; path = Assembly.swift; sourceTree = "<group>"; };
		C4A7882A29D70790002714FD /* AuthViewImp.xib */ = {isa = PBXFileReference; lastKnownFileType = file.xib; path = AuthViewImp.xib; sourceTree = "<group>"; };
		C4A7882F29D71937002714FD /* BaseViewController.swift */ = {isa = PBXFileReference; lastKnownFileType = sourcecode.swift; path = BaseViewController.swift; sourceTree = "<group>"; };
		C4A7883129D71F0A002714FD /* CustomButton.swift */ = {isa = PBXFileReference; lastKnownFileType = sourcecode.swift; path = CustomButton.swift; sourceTree = "<group>"; };
/* End PBXFileReference section */

/* Begin PBXFrameworksBuildPhase section */
		C46D609829BF4B9C009247EE /* Frameworks */ = {
			isa = PBXFrameworksBuildPhase;
			buildActionMask = 2147483647;
			files = (
			);
			runOnlyForDeploymentPostprocessing = 0;
		};
/* End PBXFrameworksBuildPhase section */

/* Begin PBXGroup section */
		C40F2BF229D1BE9D004CF07D /* Responses */ = {
			isa = PBXGroup;
			children = (
				C40F2BF329D1BEB7004CF07D /* Models */,
			);
			path = Responses;
			sourceTree = "<group>";
		};
		C40F2BF329D1BEB7004CF07D /* Models */ = {
			isa = PBXGroup;
			children = (
				C40F2BF429D1BFC0004CF07D /* Location.swift */,
				C40F2BF629D1C303004CF07D /* TokenResponce.swift */,
			);
			path = Models;
			sourceTree = "<group>";
		};
		C40F2BF829D1C4EC004CF07D /* ApiClient */ = {
			isa = PBXGroup;
			children = (
				C40F2BF929D1C51B004CF07D /* ApiClient.swift */,
				C40F2BFB29D1C58C004CF07D /* NetworkConstants.swift */,
				C40F2BFD29D1CC2E004CF07D /* AuthApiClient.swift */,
				C40F2BFF29D1D3A9004CF07D /* ApiError.swift */,
			);
			path = ApiClient;
			sourceTree = "<group>";
		};
		C44C364029DD845000E2299B /* SubViews */ = {
			isa = PBXGroup;
			children = (
				C44C364529DD84A500E2299B /* RegistrationViewImp.xib */,
			);
			path = SubViews;
			sourceTree = "<group>";
		};
		C46D609229BF4B9C009247EE = {
			isa = PBXGroup;
			children = (
				C46D609D29BF4B9C009247EE /* iosShcool */,
				C46D609C29BF4B9C009247EE /* Products */,
			);
			sourceTree = "<group>";
		};
		C46D609C29BF4B9C009247EE /* Products */ = {
			isa = PBXGroup;
			children = (
				C46D609B29BF4B9C009247EE /* iosSchool.app */,
			);
			name = Products;
			sourceTree = "<group>";
		};
		C46D609D29BF4B9C009247EE /* iosShcool */ = {
			isa = PBXGroup;
			children = (
				C475DA5229CB487900F8F263 /* Registration */,
				C4A7882C29D718AB002714FD /* Common */,
				C40F2BF829D1C4EC004CF07D /* ApiClient */,
				C40F2BF229D1BE9D004CF07D /* Responses */,
				C475DA4829C89E5700F8F263 /* Splash */,
				C475DA3B29C8979500F8F263 /* Auth */,
				C46D609E29BF4B9C009247EE /* AppDelegate.swift */,
				C46D60A029BF4B9C009247EE /* SceneDelegate.swift */,
				C46D60A229BF4B9C009247EE /* ViewController.swift */,
				C46D60A729BF4B9F009247EE /* Assets.xcassets */,
				C46D60A929BF4B9F009247EE /* LaunchScreen.storyboard */,
				C46D60AC29BF4B9F009247EE /* Info.plist */,
				C46D60B229BF58B0009247EE /* ColorGenerator.swift */,
				C47873AB29C456EA00C5ABB7 /* TeestGame.swift */,
				C47873AD29C4A63400C5ABB7 /* Assembly.swift */,
				C475DA3929C8918E00F8F263 /* AppCoordinator.swift */,
				C4A7883129D71F0A002714FD /* CustomButton.swift */,
			);
			path = iosShcool;
			sourceTree = "<group>";
		};
		C475DA3B29C8979500F8F263 /* Auth */ = {
			isa = PBXGroup;
			children = (
				C4A7882929D7075E002714FD /* Subviews */,
				C475DA3C29C897B800F8F263 /* AuthDataProvider.swift */,
				C475DA3E29C8984000F8F263 /* AuthViewController.swift */,
				C475DA4229C89A3C00F8F263 /* AuthCoordinator.swift */,
				C475DA4029C8992A00F8F263 /* AuthAssembly.swift */,
				C475DA4429C89C5400F8F263 /* AuthView.swift */,
				C475DA4629C89CCB00F8F263 /* AuthViewData.swift */,
			);
			path = Auth;
			sourceTree = "<group>";
		};
		C475DA4829C89E5700F8F263 /* Splash */ = {
			isa = PBXGroup;
			children = (
				C475DA4929C89E8100F8F263 /* SplashViewController.swift */,
				C475DA4B29C89F1B00F8F263 /* SplashDataProvider.swift */,
				C475DA4D29C89F5A00F8F263 /* SplashAssembly.swift */,
				C475DA4F29C8A19F00F8F263 /* SplashCoordinator.swift */,
			);
			path = Splash;
			sourceTree = "<group>";
		};
		C475DA5229CB487900F8F263 /* Registration */ = {
			isa = PBXGroup;
			children = (
				C44C364029DD845000E2299B /* SubViews */,
				C475DA5529CB495800F8F263 /* RegistrationDataProvider.swift */,
				C475DA5329CB48F600F8F263 /* RegistrationViewController.swift */,
				C475DA5729CB497400F8F263 /* RegistrationAssembly.swift */,
				C475DA5929CB499800F8F263 /* RegistrationCoordinator.swift */,
				C475DA5B29CB49B500F8F263 /* RegistrationView.swift */,
				C475DA5D29CB49C800F8F263 /* RegistrationViewData.swift */,
			);
			path = Registration;
			sourceTree = "<group>";
		};
		C4A7882929D7075E002714FD /* Subviews */ = {
			isa = PBXGroup;
			children = (
				C4A7882A29D70790002714FD /* AuthViewImp.xib */,
			);
			path = Subviews;
			sourceTree = "<group>";
		};
		C4A7882C29D718AB002714FD /* Common */ = {
			isa = PBXGroup;
			children = (
				C475DA3729C8909100F8F263 /* BaseCoordinator.swift */,
				C4A7882F29D71937002714FD /* BaseViewController.swift */,
			);
			path = Common;
			sourceTree = "<group>";
		};
/* End PBXGroup section */

/* Begin PBXNativeTarget section */
		C46D609A29BF4B9C009247EE /* iosSchool */ = {
			isa = PBXNativeTarget;
			buildConfigurationList = C46D60AF29BF4B9F009247EE /* Build configuration list for PBXNativeTarget "iosSchool" */;
			buildPhases = (
				C46D609729BF4B9C009247EE /* Sources */,
				C46D609829BF4B9C009247EE /* Frameworks */,
				C46D609929BF4B9C009247EE /* Resources */,
				C46D60B429BF628B009247EE /* Run Script */,
			);
			buildRules = (
			);
			dependencies = (
			);
			name = iosSchool;
			productName = iosShcool;
			productReference = C46D609B29BF4B9C009247EE /* iosSchool.app */;
			productType = "com.apple.product-type.application";
		};
/* End PBXNativeTarget section */

/* Begin PBXProject section */
		C46D609329BF4B9C009247EE /* Project object */ = {
			isa = PBXProject;
			attributes = {
				BuildIndependentTargetsInParallel = 1;
				LastSwiftUpdateCheck = 1420;
				LastUpgradeCheck = 1420;
				TargetAttributes = {
					C46D609A29BF4B9C009247EE = {
						CreatedOnToolsVersion = 14.2;
					};
				};
			};
			buildConfigurationList = C46D609629BF4B9C009247EE /* Build configuration list for PBXProject "iosSchool" */;
			compatibilityVersion = "Xcode 14.0";
			developmentRegion = en;
			hasScannedForEncodings = 0;
			knownRegions = (
				en,
				Base,
			);
			mainGroup = C46D609229BF4B9C009247EE;
			productRefGroup = C46D609C29BF4B9C009247EE /* Products */;
			projectDirPath = "";
			projectRoot = "";
			targets = (
				C46D609A29BF4B9C009247EE /* iosSchool */,
			);
		};
/* End PBXProject section */

/* Begin PBXResourcesBuildPhase section */
		C46D609929BF4B9C009247EE /* Resources */ = {
			isa = PBXResourcesBuildPhase;
			buildActionMask = 2147483647;
			files = (
				C44C364629DD84A500E2299B /* RegistrationViewImp.xib in Resources */,
				C46D60AB29BF4B9F009247EE /* LaunchScreen.storyboard in Resources */,
				C46D60A829BF4B9F009247EE /* Assets.xcassets in Resources */,
				C4A7882B29D70790002714FD /* AuthViewImp.xib in Resources */,
			);
			runOnlyForDeploymentPostprocessing = 0;
		};
/* End PBXResourcesBuildPhase section */

/* Begin PBXShellScriptBuildPhase section */
		C46D60B429BF628B009247EE /* Run Script */ = {
			isa = PBXShellScriptBuildPhase;
			alwaysOutOfDate = 1;
			buildActionMask = 2147483647;
			files = (
			);
			inputFileListPaths = (
			);
			inputPaths = (
			);
			name = "Run Script";
			outputFileListPaths = (
			);
			outputPaths = (
			);
			runOnlyForDeploymentPostprocessing = 0;
			shellPath = /bin/sh;
			shellScript = "export PATH=\"$PATH:/opt/homebrew/bin\"\nif which swiftlint > /dev/null; then\n  swiftlint\nelse\n  echo \"warning: SwiftLint not installed\"\nfi\n";
		};
/* End PBXShellScriptBuildPhase section */

/* Begin PBXSourcesBuildPhase section */
		C46D609729BF4B9C009247EE /* Sources */ = {
			isa = PBXSourcesBuildPhase;
			buildActionMask = 2147483647;
			files = (
				C4A7883229D71F0A002714FD /* CustomButton.swift in Sources */,
				C46D60A329BF4B9C009247EE /* ViewController.swift in Sources */,
				C475DA5629CB495800F8F263 /* RegistrationDataProvider.swift in Sources */,
				C475DA5C29CB49B500F8F263 /* RegistrationView.swift in Sources */,
				C475DA4129C8992A00F8F263 /* AuthAssembly.swift in Sources */,
				C475DA5A29CB499800F8F263 /* RegistrationCoordinator.swift in Sources */,
				C475DA5429CB48F600F8F263 /* RegistrationViewController.swift in Sources */,
				C40F2BFC29D1C58C004CF07D /* NetworkConstants.swift in Sources */,
				C47873AE29C4A63400C5ABB7 /* Assembly.swift in Sources */,
				C475DA5029C8A19F00F8F263 /* SplashCoordinator.swift in Sources */,
				C40F2C0029D1D3A9004CF07D /* ApiError.swift in Sources */,
				C475DA4C29C89F1B00F8F263 /* SplashDataProvider.swift in Sources */,
				C475DA4529C89C5400F8F263 /* AuthView.swift in Sources */,
				C475DA4E29C89F5A00F8F263 /* SplashAssembly.swift in Sources */,
				C475DA3F29C8984000F8F263 /* AuthViewController.swift in Sources */,
				C46D60B329BF58B0009247EE /* ColorGenerator.swift in Sources */,
				C475DA5E29CB49C800F8F263 /* RegistrationViewData.swift in Sources */,
				C46D609F29BF4B9C009247EE /* AppDelegate.swift in Sources */,
				C40F2BFE29D1CC2E004CF07D /* AuthApiClient.swift in Sources */,
				C40F2BF729D1C303004CF07D /* TokenResponce.swift in Sources */,
				C475DA3A29C8918E00F8F263 /* AppCoordinator.swift in Sources */,
				C475DA4729C89CCB00F8F263 /* AuthViewData.swift in Sources */,
				C475DA4A29C89E8100F8F263 /* SplashViewController.swift in Sources */,
				C40F2BFA29D1C51B004CF07D /* ApiClient.swift in Sources */,
				C475DA3829C8909100F8F263 /* BaseCoordinator.swift in Sources */,
				C40F2BF529D1BFC0004CF07D /* Location.swift in Sources */,
				C4A7883029D71937002714FD /* BaseViewController.swift in Sources */,
				C47873AC29C456EA00C5ABB7 /* TeestGame.swift in Sources */,
				C46D60A129BF4B9C009247EE /* SceneDelegate.swift in Sources */,
				C475DA4329C89A3C00F8F263 /* AuthCoordinator.swift in Sources */,
				C475DA3D29C897B800F8F263 /* AuthDataProvider.swift in Sources */,
				C475DA5829CB497400F8F263 /* RegistrationAssembly.swift in Sources */,
			);
			runOnlyForDeploymentPostprocessing = 0;
		};
/* End PBXSourcesBuildPhase section */

/* Begin PBXVariantGroup section */
		C46D60A929BF4B9F009247EE /* LaunchScreen.storyboard */ = {
			isa = PBXVariantGroup;
			children = (
				C46D60AA29BF4B9F009247EE /* Base */,
			);
			name = LaunchScreen.storyboard;
			sourceTree = "<group>";
		};
/* End PBXVariantGroup section */

/* Begin XCBuildConfiguration section */
		C46D60AD29BF4B9F009247EE /* Debug */ = {
			isa = XCBuildConfiguration;
			buildSettings = {
				ALWAYS_SEARCH_USER_PATHS = NO;
				CLANG_ANALYZER_NONNULL = YES;
				CLANG_ANALYZER_NUMBER_OBJECT_CONVERSION = YES_AGGRESSIVE;
				CLANG_CXX_LANGUAGE_STANDARD = "gnu++20";
				CLANG_ENABLE_MODULES = YES;
				CLANG_ENABLE_OBJC_ARC = YES;
				CLANG_ENABLE_OBJC_WEAK = YES;
				CLANG_WARN_BLOCK_CAPTURE_AUTORELEASING = YES;
				CLANG_WARN_BOOL_CONVERSION = YES;
				CLANG_WARN_COMMA = YES;
				CLANG_WARN_CONSTANT_CONVERSION = YES;
				CLANG_WARN_DEPRECATED_OBJC_IMPLEMENTATIONS = YES;
				CLANG_WARN_DIRECT_OBJC_ISA_USAGE = YES_ERROR;
				CLANG_WARN_DOCUMENTATION_COMMENTS = YES;
				CLANG_WARN_EMPTY_BODY = YES;
				CLANG_WARN_ENUM_CONVERSION = YES;
				CLANG_WARN_INFINITE_RECURSION = YES;
				CLANG_WARN_INT_CONVERSION = YES;
				CLANG_WARN_NON_LITERAL_NULL_CONVERSION = YES;
				CLANG_WARN_OBJC_IMPLICIT_RETAIN_SELF = YES;
				CLANG_WARN_OBJC_LITERAL_CONVERSION = YES;
				CLANG_WARN_OBJC_ROOT_CLASS = YES_ERROR;
				CLANG_WARN_QUOTED_INCLUDE_IN_FRAMEWORK_HEADER = YES;
				CLANG_WARN_RANGE_LOOP_ANALYSIS = YES;
				CLANG_WARN_STRICT_PROTOTYPES = YES;
				CLANG_WARN_SUSPICIOUS_MOVE = YES;
				CLANG_WARN_UNGUARDED_AVAILABILITY = YES_AGGRESSIVE;
				CLANG_WARN_UNREACHABLE_CODE = YES;
				CLANG_WARN__DUPLICATE_METHOD_MATCH = YES;
				COPY_PHASE_STRIP = NO;
				DEBUG_INFORMATION_FORMAT = dwarf;
				ENABLE_STRICT_OBJC_MSGSEND = YES;
				ENABLE_TESTABILITY = YES;
				GCC_C_LANGUAGE_STANDARD = gnu11;
				GCC_DYNAMIC_NO_PIC = NO;
				GCC_NO_COMMON_BLOCKS = YES;
				GCC_OPTIMIZATION_LEVEL = 0;
				GCC_PREPROCESSOR_DEFINITIONS = (
					"DEBUG=1",
					"$(inherited)",
				);
				GCC_WARN_64_TO_32_BIT_CONVERSION = YES;
				GCC_WARN_ABOUT_RETURN_TYPE = YES_ERROR;
				GCC_WARN_UNDECLARED_SELECTOR = YES;
				GCC_WARN_UNINITIALIZED_AUTOS = YES_AGGRESSIVE;
				GCC_WARN_UNUSED_FUNCTION = YES;
				GCC_WARN_UNUSED_VARIABLE = YES;
				IPHONEOS_DEPLOYMENT_TARGET = 16.2;
				MTL_ENABLE_DEBUG_INFO = INCLUDE_SOURCE;
				MTL_FAST_MATH = YES;
				ONLY_ACTIVE_ARCH = YES;
				SDKROOT = iphoneos;
				SWIFT_ACTIVE_COMPILATION_CONDITIONS = DEBUG;
				SWIFT_OPTIMIZATION_LEVEL = "-Onone";
			};
			name = Debug;
		};
		C46D60AE29BF4B9F009247EE /* Release */ = {
			isa = XCBuildConfiguration;
			buildSettings = {
				ALWAYS_SEARCH_USER_PATHS = NO;
				CLANG_ANALYZER_NONNULL = YES;
				CLANG_ANALYZER_NUMBER_OBJECT_CONVERSION = YES_AGGRESSIVE;
				CLANG_CXX_LANGUAGE_STANDARD = "gnu++20";
				CLANG_ENABLE_MODULES = YES;
				CLANG_ENABLE_OBJC_ARC = YES;
				CLANG_ENABLE_OBJC_WEAK = YES;
				CLANG_WARN_BLOCK_CAPTURE_AUTORELEASING = YES;
				CLANG_WARN_BOOL_CONVERSION = YES;
				CLANG_WARN_COMMA = YES;
				CLANG_WARN_CONSTANT_CONVERSION = YES;
				CLANG_WARN_DEPRECATED_OBJC_IMPLEMENTATIONS = YES;
				CLANG_WARN_DIRECT_OBJC_ISA_USAGE = YES_ERROR;
				CLANG_WARN_DOCUMENTATION_COMMENTS = YES;
				CLANG_WARN_EMPTY_BODY = YES;
				CLANG_WARN_ENUM_CONVERSION = YES;
				CLANG_WARN_INFINITE_RECURSION = YES;
				CLANG_WARN_INT_CONVERSION = YES;
				CLANG_WARN_NON_LITERAL_NULL_CONVERSION = YES;
				CLANG_WARN_OBJC_IMPLICIT_RETAIN_SELF = YES;
				CLANG_WARN_OBJC_LITERAL_CONVERSION = YES;
				CLANG_WARN_OBJC_ROOT_CLASS = YES_ERROR;
				CLANG_WARN_QUOTED_INCLUDE_IN_FRAMEWORK_HEADER = YES;
				CLANG_WARN_RANGE_LOOP_ANALYSIS = YES;
				CLANG_WARN_STRICT_PROTOTYPES = YES;
				CLANG_WARN_SUSPICIOUS_MOVE = YES;
				CLANG_WARN_UNGUARDED_AVAILABILITY = YES_AGGRESSIVE;
				CLANG_WARN_UNREACHABLE_CODE = YES;
				CLANG_WARN__DUPLICATE_METHOD_MATCH = YES;
				COPY_PHASE_STRIP = NO;
				DEBUG_INFORMATION_FORMAT = "dwarf-with-dsym";
				ENABLE_NS_ASSERTIONS = NO;
				ENABLE_STRICT_OBJC_MSGSEND = YES;
				GCC_C_LANGUAGE_STANDARD = gnu11;
				GCC_NO_COMMON_BLOCKS = YES;
				GCC_WARN_64_TO_32_BIT_CONVERSION = YES;
				GCC_WARN_ABOUT_RETURN_TYPE = YES_ERROR;
				GCC_WARN_UNDECLARED_SELECTOR = YES;
				GCC_WARN_UNINITIALIZED_AUTOS = YES_AGGRESSIVE;
				GCC_WARN_UNUSED_FUNCTION = YES;
				GCC_WARN_UNUSED_VARIABLE = YES;
				IPHONEOS_DEPLOYMENT_TARGET = 16.2;
				MTL_ENABLE_DEBUG_INFO = NO;
				MTL_FAST_MATH = YES;
				SDKROOT = iphoneos;
				SWIFT_COMPILATION_MODE = wholemodule;
				SWIFT_OPTIMIZATION_LEVEL = "-O";
				VALIDATE_PRODUCT = YES;
			};
			name = Release;
		};
		C46D60B029BF4B9F009247EE /* Debug */ = {
			isa = XCBuildConfiguration;
			buildSettings = {
				ASSETCATALOG_COMPILER_APPICON_NAME = AppIcon;
				ASSETCATALOG_COMPILER_GLOBAL_ACCENT_COLOR_NAME = AccentColor;
				CODE_SIGN_STYLE = Automatic;
				CURRENT_PROJECT_VERSION = 1;
				GENERATE_INFOPLIST_FILE = YES;
				INFOPLIST_FILE = iosShcool/Info.plist;
				INFOPLIST_KEY_UIApplicationSupportsIndirectInputEvents = YES;
				INFOPLIST_KEY_UILaunchStoryboardName = LaunchScreen;
				INFOPLIST_KEY_UISupportedInterfaceOrientations_iPad = "UIInterfaceOrientationPortrait UIInterfaceOrientationPortraitUpsideDown UIInterfaceOrientationLandscapeLeft UIInterfaceOrientationLandscapeRight";
				INFOPLIST_KEY_UISupportedInterfaceOrientations_iPhone = "UIInterfaceOrientationPortrait UIInterfaceOrientationLandscapeLeft UIInterfaceOrientationLandscapeRight";
				LD_RUNPATH_SEARCH_PATHS = (
					"$(inherited)",
					"@executable_path/Frameworks",
				);
				MARKETING_VERSION = 1.0;
				PRODUCT_BUNDLE_IDENTIFIER = KsushasProd.iosShcool;
				PRODUCT_NAME = "$(TARGET_NAME)";
				SWIFT_EMIT_LOC_STRINGS = YES;
				SWIFT_VERSION = 5.0;
				TARGETED_DEVICE_FAMILY = "1,2";
			};
			name = Debug;
		};
		C46D60B129BF4B9F009247EE /* Release */ = {
			isa = XCBuildConfiguration;
			buildSettings = {
				ASSETCATALOG_COMPILER_APPICON_NAME = AppIcon;
				ASSETCATALOG_COMPILER_GLOBAL_ACCENT_COLOR_NAME = AccentColor;
				CODE_SIGN_STYLE = Automatic;
				CURRENT_PROJECT_VERSION = 1;
				GENERATE_INFOPLIST_FILE = YES;
				INFOPLIST_FILE = iosShcool/Info.plist;
				INFOPLIST_KEY_UIApplicationSupportsIndirectInputEvents = YES;
				INFOPLIST_KEY_UILaunchStoryboardName = LaunchScreen;
				INFOPLIST_KEY_UISupportedInterfaceOrientations_iPad = "UIInterfaceOrientationPortrait UIInterfaceOrientationPortraitUpsideDown UIInterfaceOrientationLandscapeLeft UIInterfaceOrientationLandscapeRight";
				INFOPLIST_KEY_UISupportedInterfaceOrientations_iPhone = "UIInterfaceOrientationPortrait UIInterfaceOrientationLandscapeLeft UIInterfaceOrientationLandscapeRight";
				LD_RUNPATH_SEARCH_PATHS = (
					"$(inherited)",
					"@executable_path/Frameworks",
				);
				MARKETING_VERSION = 1.0;
				PRODUCT_BUNDLE_IDENTIFIER = KsushasProd.iosShcool;
				PRODUCT_NAME = "$(TARGET_NAME)";
				SWIFT_EMIT_LOC_STRINGS = YES;
				SWIFT_VERSION = 5.0;
				TARGETED_DEVICE_FAMILY = "1,2";
			};
			name = Release;
		};
/* End XCBuildConfiguration section */

/* Begin XCConfigurationList section */
		C46D609629BF4B9C009247EE /* Build configuration list for PBXProject "iosSchool" */ = {
			isa = XCConfigurationList;
			buildConfigurations = (
				C46D60AD29BF4B9F009247EE /* Debug */,
				C46D60AE29BF4B9F009247EE /* Release */,
			);
			defaultConfigurationIsVisible = 0;
			defaultConfigurationName = Release;
		};
		C46D60AF29BF4B9F009247EE /* Build configuration list for PBXNativeTarget "iosSchool" */ = {
			isa = XCConfigurationList;
			buildConfigurations = (
				C46D60B029BF4B9F009247EE /* Debug */,
				C46D60B129BF4B9F009247EE /* Release */,
			);
			defaultConfigurationIsVisible = 0;
			defaultConfigurationName = Release;
		};
/* End XCConfigurationList section */
	};
	rootObject = C46D609329BF4B9C009247EE /* Project object */;
}
